
Microsoft Visual Studio Solution File, Format Version 12.00
# Visual Studio Version 17
VisualStudioVersion = 17.3.32929.385
MinimumVisualStudioVersion = 10.0.40219.1
Project("{FAE04EC0-301F-11D3-BF4B-00C04F79EFBC}") = "Nika_Iakobashvili_Image_Viewer", "Nika_Iakobashvili_Image_Viewer.csproj", "{F2735D8F-0F2D-4B76-A81F-FC9227100281}"
EndProject
Global
	GlobalSection(SolutionConfigurationPlatforms) = preSolution
		Debug|Any CPU = Debug|Any CPU
		Release|Any CPU = Release|Any CPU
	EndGlobalSection
	GlobalSection(ProjectConfigurationPlatforms) = postSolution
		{F2735D8F-0F2D-4B76-A81F-FC9227100281}.Debug|Any CPU.ActiveCfg = Debug|Any CPU
		{F2735D8F-0F2D-4B76-A81F-FC9227100281}.Debug|Any CPU.Build.0 = Debug|Any CPU
		{F2735D8F-0F2D-4B76-A81F-FC9227100281}.Release|Any CPU.ActiveCfg = Release|Any CPU
		{F2735D8F-0F2D-4B76-A81F-FC9227100281}.Release|Any CPU.Build.0 = Release|Any CPU
	EndGlobalSection
	GlobalSection(SolutionProperties) = preSolution
		HideSolutionNode = FALSE
	EndGlobalSection
	GlobalSection(ExtensibilityGlobals) = postSolution
		SolutionGuid = {65EB7297-C5C0-4948-8562-189E0DB4D694}
	EndGlobalSection
EndGlobal
